// !$*UTF8*$!
{
	archiveVersion = 1;
	classes = {
	};
	objectVersion = 55;
	objects = {

/* Begin PBXBuildFile section */
		6097243D285707DF00EDCFC4 /* MetallicaApp.swift in Sources */ = {isa = PBXBuildFile; fileRef = 6097243C285707DF00EDCFC4 /* MetallicaApp.swift */; };
		6097243F285707DF00EDCFC4 /* ContentView.swift in Sources */ = {isa = PBXBuildFile; fileRef = 6097243E285707DF00EDCFC4 /* ContentView.swift */; };
		60972441285707E100EDCFC4 /* Assets.xcassets in Resources */ = {isa = PBXBuildFile; fileRef = 60972440285707E100EDCFC4 /* Assets.xcassets */; };
		60972444285707E100EDCFC4 /* Preview Assets.xcassets in Resources */ = {isa = PBXBuildFile; fileRef = 60972443285707E100EDCFC4 /* Preview Assets.xcassets */; };
		6097244C2857081300EDCFC4 /* MPSwiftUI in Frameworks */ = {isa = PBXBuildFile; productRef = 6097244B2857081300EDCFC4 /* MPSwiftUI */; };
		6097244F2857081F00EDCFC4 /* MPFoundation in Frameworks */ = {isa = PBXBuildFile; productRef = 6097244E2857081F00EDCFC4 /* MPFoundation */; };
		609724512857094C00EDCFC4 /* MetalView.swift in Sources */ = {isa = PBXBuildFile; fileRef = 609724502857094C00EDCFC4 /* MetalView.swift */; };
		609724532857097C00EDCFC4 /* Shaders.metal in Sources */ = {isa = PBXBuildFile; fileRef = 609724522857097C00EDCFC4 /* Shaders.metal */; };
/* End PBXBuildFile section */

/* Begin PBXFileReference section */
		60972439285707DF00EDCFC4 /* Metallica.app */ = {isa = PBXFileReference; explicitFileType = wrapper.application; includeInIndex = 0; path = Metallica.app; sourceTree = BUILT_PRODUCTS_DIR; };
		6097243C285707DF00EDCFC4 /* MetallicaApp.swift */ = {isa = PBXFileReference; lastKnownFileType = sourcecode.swift; path = MetallicaApp.swift; sourceTree = "<group>"; };
		6097243E285707DF00EDCFC4 /* ContentView.swift */ = {isa = PBXFileReference; lastKnownFileType = sourcecode.swift; path = ContentView.swift; sourceTree = "<group>"; };
		60972440285707E100EDCFC4 /* Assets.xcassets */ = {isa = PBXFileReference; lastKnownFileType = folder.assetcatalog; path = Assets.xcassets; sourceTree = "<group>"; };
		60972443285707E100EDCFC4 /* Preview Assets.xcassets */ = {isa = PBXFileReference; lastKnownFileType = folder.assetcatalog; path = "Preview Assets.xcassets"; sourceTree = "<group>"; };
		609724502857094C00EDCFC4 /* MetalView.swift */ = {isa = PBXFileReference; lastKnownFileType = sourcecode.swift; path = MetalView.swift; sourceTree = "<group>"; };
		609724522857097C00EDCFC4 /* Shaders.metal */ = {isa = PBXFileReference; lastKnownFileType = sourcecode.metal; path = Shaders.metal; sourceTree = "<group>"; };
/* End PBXFileReference section */

/* Begin PBXFrameworksBuildPhase section */
		60972436285707DF00EDCFC4 /* Frameworks */ = {
			isa = PBXFrameworksBuildPhase;
			buildActionMask = 2147483647;
			files = (
				6097244F2857081F00EDCFC4 /* MPFoundation in Frameworks */,
				6097244C2857081300EDCFC4 /* MPSwiftUI in Frameworks */,
			);
			runOnlyForDeploymentPostprocessing = 0;
		};
/* End PBXFrameworksBuildPhase section */

/* Begin PBXGroup section */
		60972430285707DF00EDCFC4 = {
			isa = PBXGroup;
			children = (
				6097243B285707DF00EDCFC4 /* Metallica */,
				6097243A285707DF00EDCFC4 /* Products */,
			);
			sourceTree = "<group>";
		};
		6097243A285707DF00EDCFC4 /* Products */ = {
			isa = PBXGroup;
			children = (
				60972439285707DF00EDCFC4 /* Metallica.app */,
			);
			name = Products;
			sourceTree = "<group>";
		};
		6097243B285707DF00EDCFC4 /* Metallica */ = {
			isa = PBXGroup;
			children = (
				6097243C285707DF00EDCFC4 /* MetallicaApp.swift */,
				6097243E285707DF00EDCFC4 /* ContentView.swift */,
				609724502857094C00EDCFC4 /* MetalView.swift */,
				609724522857097C00EDCFC4 /* Shaders.metal */,
				60972440285707E100EDCFC4 /* Assets.xcassets */,
				60972442285707E100EDCFC4 /* Preview Content */,
			);
			path = Metallica;
			sourceTree = "<group>";
		};
		60972442285707E100EDCFC4 /* Preview Content */ = {
			isa = PBXGroup;
			children = (
				60972443285707E100EDCFC4 /* Preview Assets.xcassets */,
			);
			path = "Preview Content";
			sourceTree = "<group>";
		};
/* End PBXGroup section */

/* Begin PBXNativeTarget section */
		60972438285707DF00EDCFC4 /* Metallica */ = {
			isa = PBXNativeTarget;
			buildConfigurationList = 60972447285707E100EDCFC4 /* Build configuration list for PBXNativeTarget "Metallica" */;
			buildPhases = (
				60972435285707DF00EDCFC4 /* Sources */,
				60972436285707DF00EDCFC4 /* Frameworks */,
				60972437285707DF00EDCFC4 /* Resources */,
			);
			buildRules = (
			);
			dependencies = (
			);
			name = Metallica;
			packageProductDependencies = (
				6097244B2857081300EDCFC4 /* MPSwiftUI */,
				6097244E2857081F00EDCFC4 /* MPFoundation */,
			);
			productName = Metallica;
			productReference = 60972439285707DF00EDCFC4 /* Metallica.app */;
			productType = "com.apple.product-type.application";
		};
/* End PBXNativeTarget section */

/* Begin PBXProject section */
		60972431285707DF00EDCFC4 /* Project object */ = {
			isa = PBXProject;
			attributes = {
				BuildIndependentTargetsInParallel = 1;
				LastSwiftUpdateCheck = 1340;
				LastUpgradeCheck = 1340;
				TargetAttributes = {
					60972438285707DF00EDCFC4 = {
						CreatedOnToolsVersion = 13.4.1;
					};
				};
			};
			buildConfigurationList = 60972434285707DF00EDCFC4 /* Build configuration list for PBXProject "Metallica" */;
			compatibilityVersion = "Xcode 13.0";
			developmentRegion = en;
			hasScannedForEncodings = 0;
			knownRegions = (
				en,
				Base,
			);
			mainGroup = 60972430285707DF00EDCFC4;
			packageReferences = (
				6097244A2857081300EDCFC4 /* XCRemoteSwiftPackageReference "MPSwiftUI" */,
				6097244D2857081F00EDCFC4 /* XCRemoteSwiftPackageReference "MPFoundation" */,
			);
			productRefGroup = 6097243A285707DF00EDCFC4 /* Products */;
			projectDirPath = "";
			projectRoot = "";
			targets = (
				60972438285707DF00EDCFC4 /* Metallica */,
			);
		};
/* End PBXProject section */

/* Begin PBXResourcesBuildPhase section */
		60972437285707DF00EDCFC4 /* Resources */ = {
			isa = PBXResourcesBuildPhase;
			buildActionMask = 2147483647;
			files = (
				60972444285707E100EDCFC4 /* Preview Assets.xcassets in Resources */,
				60972441285707E100EDCFC4 /* Assets.xcassets in Resources */,
			);
			runOnlyForDeploymentPostprocessing = 0;
		};
/* End PBXResourcesBuildPhase section */

/* Begin PBXSourcesBuildPhase section */
		60972435285707DF00EDCFC4 /* Sources */ = {
			isa = PBXSourcesBuildPhase;
			buildActionMask = 2147483647;
			files = (
				609724532857097C00EDCFC4 /* Shaders.metal in Sources */,
				609724512857094C00EDCFC4 /* MetalView.swift in Sources */,
				6097243F285707DF00EDCFC4 /* ContentView.swift in Sources */,
				6097243D285707DF00EDCFC4 /* MetallicaApp.swift in Sources */,
			);
			runOnlyForDeploymentPostprocessing = 0;
		};
/* End PBXSourcesBuildPhase section */

/* Begin XCBuildConfiguration section */
		60972445285707E100EDCFC4 /* Debug */ = {
			isa = XCBuildConfiguration;
			buildSettings = {
				ALWAYS_SEARCH_USER_PATHS = NO;
				CLANG_ANALYZER_NONNULL = YES;
				CLANG_ANALYZER_NUMBER_OBJECT_CONVERSION = YES_AGGRESSIVE;
				CLANG_CXX_LANGUAGE_STANDARD = "gnu++17";
				CLANG_ENABLE_MODULES = YES;
				CLANG_ENABLE_OBJC_ARC = YES;
				CLANG_ENABLE_OBJC_WEAK = YES;
				CLANG_WARN_BLOCK_CAPTURE_AUTORELEASING = YES;
				CLANG_WARN_BOOL_CONVERSION = YES;
				CLANG_WARN_COMMA = YES;
				CLANG_WARN_CONSTANT_CONVERSION = YES;
				CLANG_WARN_DEPRECATED_OBJC_IMPLEMENTATIONS = YES;
				CLANG_WARN_DIRECT_OBJC_ISA_USAGE = YES_ERROR;
				CLANG_WARN_DOCUMENTATION_COMMENTS = YES;
				CLANG_WARN_EMPTY_BODY = YES;
				CLANG_WARN_ENUM_CONVERSION = YES;
				CLANG_WARN_INFINITE_RECURSION = YES;
				CLANG_WARN_INT_CONVERSION = YES;
				CLANG_WARN_NON_LITERAL_NULL_CONVERSION = YES;
				CLANG_WARN_OBJC_IMPLICIT_RETAIN_SELF = YES;
				CLANG_WARN_OBJC_LITERAL_CONVERSION = YES;
				CLANG_WARN_OBJC_ROOT_CLASS = YES_ERROR;
				CLANG_WARN_QUOTED_INCLUDE_IN_FRAMEWORK_HEADER = YES;
				CLANG_WARN_RANGE_LOOP_ANALYSIS = YES;
				CLANG_WARN_STRICT_PROTOTYPES = YES;
				CLANG_WARN_SUSPICIOUS_MOVE = YES;
				CLANG_WARN_UNGUARDED_AVAILABILITY = YES_AGGRESSIVE;
				CLANG_WARN_UNREACHABLE_CODE = YES;
				CLANG_WARN__DUPLICATE_METHOD_MATCH = YES;
				COPY_PHASE_STRIP = NO;
				DEBUG_INFORMATION_FORMAT = dwarf;
				ENABLE_STRICT_OBJC_MSGSEND = YES;
				ENABLE_TESTABILITY = YES;
				GCC_C_LANGUAGE_STANDARD = gnu11;
				GCC_DYNAMIC_NO_PIC = NO;
				GCC_NO_COMMON_BLOCKS = YES;
				GCC_OPTIMIZATION_LEVEL = 0;
				GCC_PREPROCESSOR_DEFINITIONS = (
					"DEBUG=1",
					"$(inherited)",
				);
				GCC_WARN_64_TO_32_BIT_CONVERSION = YES;
				GCC_WARN_ABOUT_RETURN_TYPE = YES_ERROR;
				GCC_WARN_UNDECLARED_SELECTOR = YES;
				GCC_WARN_UNINITIALIZED_AUTOS = YES_AGGRESSIVE;
				GCC_WARN_UNUSED_FUNCTION = YES;
				GCC_WARN_UNUSED_VARIABLE = YES;
				IPHONEOS_DEPLOYMENT_TARGET = 15.5;
				MTL_ENABLE_DEBUG_INFO = INCLUDE_SOURCE;
				MTL_FAST_MATH = YES;
				ONLY_ACTIVE_ARCH = YES;
				SDKROOT = iphoneos;
				SWIFT_ACTIVE_COMPILATION_CONDITIONS = DEBUG;
				SWIFT_OPTIMIZATION_LEVEL = "-Onone";
			};
			name = Debug;
		};
		60972446285707E100EDCFC4 /* Release */ = {
			isa = XCBuildConfiguration;
			buildSettings = {
				ALWAYS_SEARCH_USER_PATHS = NO;
				CLANG_ANALYZER_NONNULL = YES;
				CLANG_ANALYZER_NUMBER_OBJECT_CONVERSION = YES_AGGRESSIVE;
				CLANG_CXX_LANGUAGE_STANDARD = "gnu++17";
				CLANG_ENABLE_MODULES = YES;
				CLANG_ENABLE_OBJC_ARC = YES;
				CLANG_ENABLE_OBJC_WEAK = YES;
				CLANG_WARN_BLOCK_CAPTURE_AUTORELEASING = YES;
				CLANG_WARN_BOOL_CONVERSION = YES;
				CLANG_WARN_COMMA = YES;
				CLANG_WARN_CONSTANT_CONVERSION = YES;
				CLANG_WARN_DEPRECATED_OBJC_IMPLEMENTATIONS = YES;
				CLANG_WARN_DIRECT_OBJC_ISA_USAGE = YES_ERROR;
				CLANG_WARN_DOCUMENTATION_COMMENTS = YES;
				CLANG_WARN_EMPTY_BODY = YES;
				CLANG_WARN_ENUM_CONVERSION = YES;
				CLANG_WARN_INFINITE_RECURSION = YES;
				CLANG_WARN_INT_CONVERSION = YES;
				CLANG_WARN_NON_LITERAL_NULL_CONVERSION = YES;
				CLANG_WARN_OBJC_IMPLICIT_RETAIN_SELF = YES;
				CLANG_WARN_OBJC_LITERAL_CONVERSION = YES;
				CLANG_WARN_OBJC_ROOT_CLASS = YES_ERROR;
				CLANG_WARN_QUOTED_INCLUDE_IN_FRAMEWORK_HEADER = YES;
				CLANG_WARN_RANGE_LOOP_ANALYSIS = YES;
				CLANG_WARN_STRICT_PROTOTYPES = YES;
				CLANG_WARN_SUSPICIOUS_MOVE = YES;
				CLANG_WARN_UNGUARDED_AVAILABILITY = YES_AGGRESSIVE;
				CLANG_WARN_UNREACHABLE_CODE = YES;
				CLANG_WARN__DUPLICATE_METHOD_MATCH = YES;
				COPY_PHASE_STRIP = NO;
				DEBUG_INFORMATION_FORMAT = "dwarf-with-dsym";
				ENABLE_NS_ASSERTIONS = NO;
				ENABLE_STRICT_OBJC_MSGSEND = YES;
				GCC_C_LANGUAGE_STANDARD = gnu11;
				GCC_NO_COMMON_BLOCKS = YES;
				GCC_WARN_64_TO_32_BIT_CONVERSION = YES;
				GCC_WARN_ABOUT_RETURN_TYPE = YES_ERROR;
				GCC_WARN_UNDECLARED_SELECTOR = YES;
				GCC_WARN_UNINITIALIZED_AUTOS = YES_AGGRESSIVE;
				GCC_WARN_UNUSED_FUNCTION = YES;
				GCC_WARN_UNUSED_VARIABLE = YES;
				IPHONEOS_DEPLOYMENT_TARGET = 15.5;
				MTL_ENABLE_DEBUG_INFO = NO;
				MTL_FAST_MATH = YES;
				SDKROOT = iphoneos;
				SWIFT_COMPILATION_MODE = wholemodule;
				SWIFT_OPTIMIZATION_LEVEL = "-O";
				VALIDATE_PRODUCT = YES;
			};
			name = Release;
		};
		60972448285707E100EDCFC4 /* Debug */ = {
			isa = XCBuildConfiguration;
			buildSettings = {
				ASSETCATALOG_COMPILER_APPICON_NAME = AppIcon;
				ASSETCATALOG_COMPILER_GLOBAL_ACCENT_COLOR_NAME = AccentColor;
				CODE_SIGN_STYLE = Automatic;
				CURRENT_PROJECT_VERSION = 1;
				DEVELOPMENT_ASSET_PATHS = "\"Metallica/Preview Content\"";
				DEVELOPMENT_TEAM = 529472X7BJ;
				ENABLE_PREVIEWS = YES;
				GENERATE_INFOPLIST_FILE = YES;
				INFOPLIST_KEY_UIApplicationSceneManifest_Generation = YES;
				INFOPLIST_KEY_UIApplicationSupportsIndirectInputEvents = YES;
				INFOPLIST_KEY_UILaunchScreen_Generation = YES;
				INFOPLIST_KEY_UISupportedInterfaceOrientations_iPad = "UIInterfaceOrientationPortrait UIInterfaceOrientationPortraitUpsideDown UIInterfaceOrientationLandscapeLeft UIInterfaceOrientationLandscapeRight";
				INFOPLIST_KEY_UISupportedInterfaceOrientations_iPhone = "UIInterfaceOrientationPortrait UIInterfaceOrientationLandscapeLeft UIInterfaceOrientationLandscapeRight";
				LD_RUNPATH_SEARCH_PATHS = (
					"$(inherited)",
					"@executable_path/Frameworks",
				);
				MARKETING_VERSION = 1.0;
				PRODUCT_BUNDLE_IDENTIFIER = Testing.Metallica;
				PRODUCT_NAME = "$(TARGET_NAME)";
				SWIFT_EMIT_LOC_STRINGS = YES;
				SWIFT_VERSION = 5.0;
				TARGETED_DEVICE_FAMILY = "1,2";
			};
			name = Debug;
		};
		60972449285707E100EDCFC4 /* Release */ = {
			isa = XCBuildConfiguration;
			buildSettings = {
				ASSETCATALOG_COMPILER_APPICON_NAME = AppIcon;
				ASSETCATALOG_COMPILER_GLOBAL_ACCENT_COLOR_NAME = AccentColor;
				CODE_SIGN_STYLE = Automatic;
				CURRENT_PROJECT_VERSION = 1;
				DEVELOPMENT_ASSET_PATHS = "\"Metallica/Preview Content\"";
				DEVELOPMENT_TEAM = 529472X7BJ;
				ENABLE_PREVIEWS = YES;
				GENERATE_INFOPLIST_FILE = YES;
				INFOPLIST_KEY_UIApplicationSceneManifest_Generation = YES;
				INFOPLIST_KEY_UIApplicationSupportsIndirectInputEvents = YES;
				INFOPLIST_KEY_UILaunchScreen_Generation = YES;
				INFOPLIST_KEY_UISupportedInterfaceOrientations_iPad = "UIInterfaceOrientationPortrait UIInterfaceOrientationPortraitUpsideDown UIInterfaceOrientationLandscapeLeft UIInterfaceOrientationLandscapeRight";
				INFOPLIST_KEY_UISupportedInterfaceOrientations_iPhone = "UIInterfaceOrientationPortrait UIInterfaceOrientationLandscapeLeft UIInterfaceOrientationLandscapeRight";
				LD_RUNPATH_SEARCH_PATHS = (
					"$(inherited)",
					"@executable_path/Frameworks",
				);
				MARKETING_VERSION = 1.0;
				PRODUCT_BUNDLE_IDENTIFIER = Testing.Metallica;
				PRODUCT_NAME = "$(TARGET_NAME)";
				SWIFT_EMIT_LOC_STRINGS = YES;
				SWIFT_VERSION = 5.0;
				TARGETED_DEVICE_FAMILY = "1,2";
			};
			name = Release;
		};
/* End XCBuildConfiguration section */

/* Begin XCConfigurationList section */
		60972434285707DF00EDCFC4 /* Build configuration list for PBXProject "Metallica" */ = {
			isa = XCConfigurationList;
			buildConfigurations = (
				60972445285707E100EDCFC4 /* Debug */,
				60972446285707E100EDCFC4 /* Release */,
			);
			defaultConfigurationIsVisible = 0;
			defaultConfigurationName = Release;
		};
		60972447285707E100EDCFC4 /* Build configuration list for PBXNativeTarget "Metallica" */ = {
			isa = XCConfigurationList;
			buildConfigurations = (
				60972448285707E100EDCFC4 /* Debug */,
				60972449285707E100EDCFC4 /* Release */,
			);
			defaultConfigurationIsVisible = 0;
			defaultConfigurationName = Release;
		};
/* End XCConfigurationList section */

/* Begin XCRemoteSwiftPackageReference section */
		6097244A2857081300EDCFC4 /* XCRemoteSwiftPackageReference "MPSwiftUI" */ = {
			isa = XCRemoteSwiftPackageReference;
			repositoryURL = "https://github.com/MP-iOS-2022/MPSwiftUI";
			requirement = {
				branch = main;
				kind = branch;
			};
		};
		6097244D2857081F00EDCFC4 /* XCRemoteSwiftPackageReference "MPFoundation" */ = {
			isa = XCRemoteSwiftPackageReference;
			repositoryURL = "https://github.com/MP-iOS-2022/MPFoundation";
			requirement = {
				branch = main;
				kind = branch;
			};
		};
/* End XCRemoteSwiftPackageReference section */

/* Begin XCSwiftPackageProductDependency section */
		6097244B2857081300EDCFC4 /* MPSwiftUI */ = {
			isa = XCSwiftPackageProductDependency;
			package = 6097244A2857081300EDCFC4 /* XCRemoteSwiftPackageReference "MPSwiftUI" */;
			productName = MPSwiftUI;
		};
		6097244E2857081F00EDCFC4 /* MPFoundation */ = {
			isa = XCSwiftPackageProductDependency;
			package = 6097244D2857081F00EDCFC4 /* XCRemoteSwiftPackageReference "MPFoundation" */;
			productName = MPFoundation;
		};
/* End XCSwiftPackageProductDependency section */
	};
	rootObject = 60972431285707DF00EDCFC4 /* Project object */;
}
